
Microsoft Visual Studio Solution File, Format Version 12.00
# Visual Studio Version 16
VisualStudioVersion = 16.0.33529.622
MinimumVisualStudioVersion = 10.0.40219.1
Project("{FAE04EC0-301F-11D3-BF4B-00C04F79EFBC}") = "appRemesas", "appRemesas\appRemesas.csproj", "{CE160D42-39A4-4DCB-A8AE-C665302F39F8}"
EndProject
Global
	GlobalSection(SolutionConfigurationPlatforms) = preSolution
		Debug|Any CPU = Debug|Any CPU
		Release|Any CPU = Release|Any CPU
	EndGlobalSection
	GlobalSection(ProjectConfigurationPlatforms) = postSolution
		{CE160D42-39A4-4DCB-A8AE-C665302F39F8}.Debug|Any CPU.ActiveCfg = Debug|Any CPU
		{CE160D42-39A4-4DCB-A8AE-C665302F39F8}.Debug|Any CPU.Build.0 = Debug|Any CPU
		{CE160D42-39A4-4DCB-A8AE-C665302F39F8}.Debug|Any CPU.Deploy.0 = Debug|Any CPU
		{CE160D42-39A4-4DCB-A8AE-C665302F39F8}.Release|Any CPU.ActiveCfg = Release|Any CPU
		{CE160D42-39A4-4DCB-A8AE-C665302F39F8}.Release|Any CPU.Build.0 = Release|Any CPU
		{CE160D42-39A4-4DCB-A8AE-C665302F39F8}.Release|Any CPU.Deploy.0 = Release|Any CPU
	EndGlobalSection
	GlobalSection(SolutionProperties) = preSolution
		HideSolutionNode = FALSE
	EndGlobalSection
	GlobalSection(ExtensibilityGlobals) = postSolution
		SolutionGuid = {B9AE0F96-3DD5-4527-ABE5-AFC50913D3B5}
	EndGlobalSection
EndGlobal
